PODS:
  - AudioKit (4.5.6):
    - AudioKit/Core (= 4.5.6)
    - AudioKit/UI (= 4.5.6)
  - AudioKit/Core (4.5.6)
  - AudioKit/UI (4.5.6):
    - AudioKit/Core
  - LiveKnob (0.0.3)
  - MIDIEventKit (0.0.2)
  - MusicTheorySwift (1.2.0)

DEPENDENCIES:
  - AudioKit
  - LiveKnob
  - MIDIEventKit
  - MusicTheorySwift

SPEC REPOS:
  https://github.com/cocoapods/specs.git:
    - AudioKit
    - LiveKnob
    - MIDIEventKit
    - MusicTheorySwift

SPEC CHECKSUMS:
  AudioKit: 84f5a444902a74ac32cfe8488e72782792ff2edc
  LiveKnob: 039d0f04b010899c66bcc5386f41243ee8d084c1
  MIDIEventKit: 079f8a6b67cd9f46f4513fa86d79cdb3c490b3f3
  MusicTheorySwift: 42cf18945fb4dd1498260d774e4832259f869fde

PODFILE CHECKSUM: c611218d2bc37cff388749415f1c3ea1a327b677

COCOAPODS: 1.6.0
